Microsoft Visual Studio Solution File, Format Version 12.00
# Visual Studio 15
VisualStudioVersion = 15.0.26124.0
MinimumVisualStudioVersion = 15.0.26124.0
Project("{9A19103F-16F7-4668-BE54-9A1E7A4F7556}") = "Hours.Core", "Hours.Core\Hours.Core.csproj", "{94BADE90-6A6C-4787-BCE0-9964665BFBC6}"
EndProject
Project("{9A19103F-16F7-4668-BE54-9A1E7A4F7556}") = "Hours.Tests", "Hours.Tests\Hours.Tests.csproj", "{05FE70F3-6404-45E6-92B4-5B4B97F51A6E}"
EndProject
Global
	GlobalSection(SolutionConfigurationPlatforms) = preSolution
		Debug|Any CPU = Debug|Any CPU
		Debug|x64 = Debug|x64
		Debug|x86 = Debug|x86
		Release|Any CPU = Release|Any CPU
		Release|x64 = Release|x64
		Release|x86 = Release|x86
	EndGlobalSection
	GlobalSection(ProjectConfigurationPlatforms) = postSolution
		{94BADE90-6A6C-4787-BCE0-9964665BFBC6}.Debug|Any CPU.ActiveCfg = Debug|Any CPU
		{94BADE90-6A6C-4787-BCE0-9964665BFBC6}.Debug|Any CPU.Build.0 = Debug|Any CPU
		{94BADE90-6A6C-4787-BCE0-9964665BFBC6}.Debug|x64.ActiveCfg = Debug|Any CPU
		{94BADE90-6A6C-4787-BCE0-9964665BFBC6}.Debug|x64.Build.0 = Debug|Any CPU
		{94BADE90-6A6C-4787-BCE0-9964665BFBC6}.Debug|x86.ActiveCfg = Debug|Any CPU
		{94BADE90-6A6C-4787-BCE0-9964665BFBC6}.Debug|x86.Build.0 = Debug|Any CPU
		{94BADE90-6A6C-4787-BCE0-9964665BFBC6}.Release|Any CPU.ActiveCfg = Release|Any CPU
		{94BADE90-6A6C-4787-BCE0-9964665BFBC6}.Release|Any CPU.Build.0 = Release|Any CPU
		{94BADE90-6A6C-4787-BCE0-9964665BFBC6}.Release|x64.ActiveCfg = Release|Any CPU
		{94BADE90-6A6C-4787-BCE0-9964665BFBC6}.Release|x64.Build.0 = Release|Any CPU
		{94BADE90-6A6C-4787-BCE0-9964665BFBC6}.Release|x86.ActiveCfg = Release|Any CPU
		{94BADE90-6A6C-4787-BCE0-9964665BFBC6}.Release|x86.Build.0 = Release|Any CPU
		{05FE70F3-6404-45E6-92B4-5B4B97F51A6E}.Debug|Any CPU.ActiveCfg = Debug|Any CPU
		{05FE70F3-6404-45E6-92B4-5B4B97F51A6E}.Debug|Any CPU.Build.0 = Debug|Any CPU
		{05FE70F3-6404-45E6-92B4-5B4B97F51A6E}.Debug|x64.ActiveCfg = Debug|Any CPU
		{05FE70F3-6404-45E6-92B4-5B4B97F51A6E}.Debug|x64.Build.0 = Debug|Any CPU
		{05FE70F3-6404-45E6-92B4-5B4B97F51A6E}.Debug|x86.ActiveCfg = Debug|Any CPU
		{05FE70F3-6404-45E6-92B4-5B4B97F51A6E}.Debug|x86.Build.0 = Debug|Any CPU
		{05FE70F3-6404-45E6-92B4-5B4B97F51A6E}.Release|Any CPU.ActiveCfg = Release|Any CPU
		{05FE70F3-6404-45E6-92B4-5B4B97F51A6E}.Release|Any CPU.Build.0 = Release|Any CPU
		{05FE70F3-6404-45E6-92B4-5B4B97F51A6E}.Release|x64.ActiveCfg = Release|Any CPU
		{05FE70F3-6404-45E6-92B4-5B4B97F51A6E}.Release|x64.Build.0 = Release|Any CPU
		{05FE70F3-6404-45E6-92B4-5B4B97F51A6E}.Release|x86.ActiveCfg = Release|Any CPU
		{05FE70F3-6404-45E6-92B4-5B4B97F51A6E}.Release|x86.Build.0 = Release|Any CPU
	EndGlobalSection
	GlobalSection(SolutionProperties) = preSolution
		HideSolutionNode = FALSE
	EndGlobalSection
	GlobalSection(ExtensibilityGlobals) = postSolution
		SolutionGuid = {A6F5AC0F-64F2-452F-AF8D-4A181FB4E0F3}
	EndGlobalSection
EndGlobal
